
Microsoft Visual Studio Solution File, Format Version 12.00
# Visual Studio Version 16
VisualStudioVersion = 16.0.31515.178
MinimumVisualStudioVersion = 10.0.40219.1
Project("{FAE04EC0-301F-11D3-BF4B-00C04F79EFBC}") = "CadsBeam", "CadsExtensions\CadsBeam.csproj", "{10323250-6E67-443F-8AC3-24C6A11E6782}"
EndProject
Global
	GlobalSection(SolutionConfigurationPlatforms) = preSolution
		Debug|Any CPU = Debug|Any CPU
		Release|Any CPU = Release|Any CPU
	EndGlobalSection
	GlobalSection(ProjectConfigurationPlatforms) = postSolution
		{10323250-6E67-443F-8AC3-24C6A11E6782}.Debug|Any CPU.ActiveCfg = Debug|Any CPU
		{10323250-6E67-443F-8AC3-24C6A11E6782}.Debug|Any CPU.Build.0 = Debug|Any CPU
		{10323250-6E67-443F-8AC3-24C6A11E6782}.Release|Any CPU.ActiveCfg = Release|Any CPU
		{10323250-6E67-443F-8AC3-24C6A11E6782}.Release|Any CPU.Build.0 = Release|Any CPU
	EndGlobalSection
	GlobalSection(SolutionProperties) = preSolution
		HideSolutionNode = FALSE
	EndGlobalSection
	GlobalSection(ExtensibilityGlobals) = postSolution
		SolutionGuid = {1C1C345E-4EE3-464F-9615-8D403459D2B5}
	EndGlobalSection
EndGlobal
